
Microsoft Visual Studio Solution File, Format Version 12.00
# Visual Studio Version 17
VisualStudioVersion = 17.13.35931.197
MinimumVisualStudioVersion = 10.0.40219.1
Project("{FAE04EC0-301F-11D3-BF4B-00C04F79EFBC}") = "DocsAndHospitals.API", "DocsAndHospitals.API\DocsAndHospitals.API.csproj", "{CDD3B904-703A-7DC2-0EE0-58A8FD2653E2}"
EndProject
Project("{FAE04EC0-301F-11D3-BF4B-00C04F79EFBC}") = "DocsAndHospitals", "DocsAndHospitals\DocsAndHospitals.csproj", "{9A7AD435-685D-AE54-107E-B9310CD84E49}"
EndProject
Project("{FAE04EC0-301F-11D3-BF4B-00C04F79EFBC}") = "DocsAndHospitals.Tests", "DocsAndHospitals.Tests\DocsAndHospitals.Tests.csproj", "{5A50E768-ADB3-4DE5-982A-E444DC765F4D}"
EndProject
Project("{FAE04EC0-301F-11D3-BF4B-00C04F79EFBC}") = "DocsAndHospitals.Infrastructure", "DocsAndHospitals.Infrastructure\DocsAndHospitals.Infrastructure.csproj", "{01509577-4B17-472F-BE7C-D3A5B558E5B9}"
EndProject
Project("{FAE04EC0-301F-11D3-BF4B-00C04F79EFBC}") = "DocsAndHospitals.Application", "DocsAndHospitals.Application\DocsAndHospitals.Application.csproj", "{CDDEEC03-1DEA-4662-910D-E3DDD89219D3}"
EndProject
Project("{FAE04EC0-301F-11D3-BF4B-00C04F79EFBC}") = "DocsAndHospitals.Domain", "DocsAndHospitals.Domain\DocsAndHospitals.Domain.csproj", "{A39DEED8-5F8A-4DE3-BC9C-8348F306EB98}"
EndProject
Global
	GlobalSection(SolutionConfigurationPlatforms) = preSolution
		Debug|Any CPU = Debug|Any CPU
		Debug|x64 = Debug|x64
		Debug|x86 = Debug|x86
		Release|Any CPU = Release|Any CPU
		Release|x64 = Release|x64
		Release|x86 = Release|x86
	EndGlobalSection
	GlobalSection(ProjectConfigurationPlatforms) = postSolution
		{CDD3B904-703A-7DC2-0EE0-58A8FD2653E2}.Debug|Any CPU.ActiveCfg = Debug|Any CPU
		{CDD3B904-703A-7DC2-0EE0-58A8FD2653E2}.Debug|Any CPU.Build.0 = Debug|Any CPU
		{CDD3B904-703A-7DC2-0EE0-58A8FD2653E2}.Debug|x64.ActiveCfg = Debug|Any CPU
		{CDD3B904-703A-7DC2-0EE0-58A8FD2653E2}.Debug|x64.Build.0 = Debug|Any CPU
		{CDD3B904-703A-7DC2-0EE0-58A8FD2653E2}.Debug|x86.ActiveCfg = Debug|Any CPU
		{CDD3B904-703A-7DC2-0EE0-58A8FD2653E2}.Debug|x86.Build.0 = Debug|Any CPU
		{CDD3B904-703A-7DC2-0EE0-58A8FD2653E2}.Release|Any CPU.ActiveCfg = Release|Any CPU
		{CDD3B904-703A-7DC2-0EE0-58A8FD2653E2}.Release|Any CPU.Build.0 = Release|Any CPU
		{CDD3B904-703A-7DC2-0EE0-58A8FD2653E2}.Release|x64.ActiveCfg = Release|Any CPU
		{CDD3B904-703A-7DC2-0EE0-58A8FD2653E2}.Release|x64.Build.0 = Release|Any CPU
		{CDD3B904-703A-7DC2-0EE0-58A8FD2653E2}.Release|x86.ActiveCfg = Release|Any CPU
		{CDD3B904-703A-7DC2-0EE0-58A8FD2653E2}.Release|x86.Build.0 = Release|Any CPU
		{9A7AD435-685D-AE54-107E-B9310CD84E49}.Debug|Any CPU.ActiveCfg = Debug|Any CPU
		{9A7AD435-685D-AE54-107E-B9310CD84E49}.Debug|Any CPU.Build.0 = Debug|Any CPU
		{9A7AD435-685D-AE54-107E-B9310CD84E49}.Debug|x64.ActiveCfg = Debug|Any CPU
		{9A7AD435-685D-AE54-107E-B9310CD84E49}.Debug|x64.Build.0 = Debug|Any CPU
		{9A7AD435-685D-AE54-107E-B9310CD84E49}.Debug|x86.ActiveCfg = Debug|Any CPU
		{9A7AD435-685D-AE54-107E-B9310CD84E49}.Debug|x86.Build.0 = Debug|Any CPU
		{9A7AD435-685D-AE54-107E-B9310CD84E49}.Release|Any CPU.ActiveCfg = Release|Any CPU
		{9A7AD435-685D-AE54-107E-B9310CD84E49}.Release|Any CPU.Build.0 = Release|Any CPU
		{9A7AD435-685D-AE54-107E-B9310CD84E49}.Release|x64.ActiveCfg = Release|Any CPU
		{9A7AD435-685D-AE54-107E-B9310CD84E49}.Release|x64.Build.0 = Release|Any CPU
		{9A7AD435-685D-AE54-107E-B9310CD84E49}.Release|x86.ActiveCfg = Release|Any CPU
		{9A7AD435-685D-AE54-107E-B9310CD84E49}.Release|x86.Build.0 = Release|Any CPU
		{5A50E768-ADB3-4DE5-982A-E444DC765F4D}.Debug|Any CPU.ActiveCfg = Debug|Any CPU
		{5A50E768-ADB3-4DE5-982A-E444DC765F4D}.Debug|Any CPU.Build.0 = Debug|Any CPU
		{5A50E768-ADB3-4DE5-982A-E444DC765F4D}.Debug|x64.ActiveCfg = Debug|Any CPU
		{5A50E768-ADB3-4DE5-982A-E444DC765F4D}.Debug|x64.Build.0 = Debug|Any CPU
		{5A50E768-ADB3-4DE5-982A-E444DC765F4D}.Debug|x86.ActiveCfg = Debug|Any CPU
		{5A50E768-ADB3-4DE5-982A-E444DC765F4D}.Debug|x86.Build.0 = Debug|Any CPU
		{5A50E768-ADB3-4DE5-982A-E444DC765F4D}.Release|Any CPU.ActiveCfg = Release|Any CPU
		{5A50E768-ADB3-4DE5-982A-E444DC765F4D}.Release|Any CPU.Build.0 = Release|Any CPU
		{5A50E768-ADB3-4DE5-982A-E444DC765F4D}.Release|x64.ActiveCfg = Release|Any CPU
		{5A50E768-ADB3-4DE5-982A-E444DC765F4D}.Release|x64.Build.0 = Release|Any CPU
		{5A50E768-ADB3-4DE5-982A-E444DC765F4D}.Release|x86.ActiveCfg = Release|Any CPU
		{5A50E768-ADB3-4DE5-982A-E444DC765F4D}.Release|x86.Build.0 = Release|Any CPU
		{01509577-4B17-472F-BE7C-D3A5B558E5B9}.Debug|Any CPU.ActiveCfg = Debug|Any CPU
		{01509577-4B17-472F-BE7C-D3A5B558E5B9}.Debug|Any CPU.Build.0 = Debug|Any CPU
		{01509577-4B17-472F-BE7C-D3A5B558E5B9}.Debug|x64.ActiveCfg = Debug|Any CPU
		{01509577-4B17-472F-BE7C-D3A5B558E5B9}.Debug|x64.Build.0 = Debug|Any CPU
		{01509577-4B17-472F-BE7C-D3A5B558E5B9}.Debug|x86.ActiveCfg = Debug|Any CPU
		{01509577-4B17-472F-BE7C-D3A5B558E5B9}.Debug|x86.Build.0 = Debug|Any CPU
		{01509577-4B17-472F-BE7C-D3A5B558E5B9}.Release|Any CPU.ActiveCfg = Release|Any CPU
		{01509577-4B17-472F-BE7C-D3A5B558E5B9}.Release|Any CPU.Build.0 = Release|Any CPU
		{01509577-4B17-472F-BE7C-D3A5B558E5B9}.Release|x64.ActiveCfg = Release|Any CPU
		{01509577-4B17-472F-BE7C-D3A5B558E5B9}.Release|x64.Build.0 = Release|Any CPU
		{01509577-4B17-472F-BE7C-D3A5B558E5B9}.Release|x86.ActiveCfg = Release|Any CPU
		{01509577-4B17-472F-BE7C-D3A5B558E5B9}.Release|x86.Build.0 = Release|Any CPU
		{CDDEEC03-1DEA-4662-910D-E3DDD89219D3}.Debug|Any CPU.ActiveCfg = Debug|Any CPU
		{CDDEEC03-1DEA-4662-910D-E3DDD89219D3}.Debug|Any CPU.Build.0 = Debug|Any CPU
		{CDDEEC03-1DEA-4662-910D-E3DDD89219D3}.Debug|x64.ActiveCfg = Debug|Any CPU
		{CDDEEC03-1DEA-4662-910D-E3DDD89219D3}.Debug|x64.Build.0 = Debug|Any CPU
		{CDDEEC03-1DEA-4662-910D-E3DDD89219D3}.Debug|x86.ActiveCfg = Debug|Any CPU
		{CDDEEC03-1DEA-4662-910D-E3DDD89219D3}.Debug|x86.Build.0 = Debug|Any CPU
		{CDDEEC03-1DEA-4662-910D-E3DDD89219D3}.Release|Any CPU.ActiveCfg = Release|Any CPU
		{CDDEEC03-1DEA-4662-910D-E3DDD89219D3}.Release|Any CPU.Build.0 = Release|Any CPU
		{CDDEEC03-1DEA-4662-910D-E3DDD89219D3}.Release|x64.ActiveCfg = Release|Any CPU
		{CDDEEC03-1DEA-4662-910D-E3DDD89219D3}.Release|x64.Build.0 = Release|Any CPU
		{CDDEEC03-1DEA-4662-910D-E3DDD89219D3}.Release|x86.ActiveCfg = Release|Any CPU
		{CDDEEC03-1DEA-4662-910D-E3DDD89219D3}.Release|x86.Build.0 = Release|Any CPU
		{A39DEED8-5F8A-4DE3-BC9C-8348F306EB98}.Debug|Any CPU.ActiveCfg = Debug|Any CPU
		{A39DEED8-5F8A-4DE3-BC9C-8348F306EB98}.Debug|Any CPU.Build.0 = Debug|Any CPU
		{A39DEED8-5F8A-4DE3-BC9C-8348F306EB98}.Debug|x64.ActiveCfg = Debug|Any CPU
		{A39DEED8-5F8A-4DE3-BC9C-8348F306EB98}.Debug|x64.Build.0 = Debug|Any CPU
		{A39DEED8-5F8A-4DE3-BC9C-8348F306EB98}.Debug|x86.ActiveCfg = Debug|Any CPU
		{A39DEED8-5F8A-4DE3-BC9C-8348F306EB98}.Debug|x86.Build.0 = Debug|Any CPU
		{A39DEED8-5F8A-4DE3-BC9C-8348F306EB98}.Release|Any CPU.ActiveCfg = Release|Any CPU
		{A39DEED8-5F8A-4DE3-BC9C-8348F306EB98}.Release|Any CPU.Build.0 = Release|Any CPU
		{A39DEED8-5F8A-4DE3-BC9C-8348F306EB98}.Release|x64.ActiveCfg = Release|Any CPU
		{A39DEED8-5F8A-4DE3-BC9C-8348F306EB98}.Release|x64.Build.0 = Release|Any CPU
		{A39DEED8-5F8A-4DE3-BC9C-8348F306EB98}.Release|x86.ActiveCfg = Release|Any CPU
		{A39DEED8-5F8A-4DE3-BC9C-8348F306EB98}.Release|x86.Build.0 = Release|Any CPU
	EndGlobalSection
	GlobalSection(SolutionProperties) = preSolution
		HideSolutionNode = FALSE
	EndGlobalSection
	GlobalSection(ExtensibilityGlobals) = postSolution
		SolutionGuid = {8A1AEC92-E27E-4D51-A661-BA186E84F604}
	EndGlobalSection
EndGlobal
